
Microsoft Visual Studio Solution File, Format Version 12.00
# Visual Studio Version 16
VisualStudioVersion = 16.0.30002.166
MinimumVisualStudioVersion = 10.0.40219.1
Project("{FAE04EC0-301F-11D3-BF4B-00C04F79EFBC}") = "Magma.Web", "Magma.Web\Magma.Web.csproj", "{08F74AF7-6F9B-435C-97CA-AE6197F70969}"
EndProject
Project("{FAE04EC0-301F-11D3-BF4B-00C04F79EFBC}") = "Magma.ServiceLayer", "Magma.ServiceLayer\Magma.ServiceLayer.csproj", "{770C0BA2-1E59-4407-AD9B-48AB0B5AC1B1}"
EndProject
Project("{FAE04EC0-301F-11D3-BF4B-00C04F79EFBC}") = "Magma.DomainModels", "Magma.DomainModels\Magma.DomainModels.csproj", "{0D504F3E-E6A0-4452-BDB2-973013DAA203}"
EndProject
Project("{FAE04EC0-301F-11D3-BF4B-00C04F79EFBC}") = "Magma.DataAccessLayer", "Magma.DataAccessLayer\Magma.DataAccessLayer.csproj", "{B1C6C747-27C2-4840-B121-C399D5F1B2DC}"
EndProject
Project("{FAE04EC0-301F-11D3-BF4B-00C04F79EFBC}") = "Magma.ServiceContracts", "Magma.ServiceContracts\Magma.ServiceContracts.csproj", "{D10AF627-1EBE-4813-B7BA-9B535E63C42F}"
EndProject
Project("{FAE04EC0-301F-11D3-BF4B-00C04F79EFBC}") = "ApiDemo", "ApiDemo\ApiDemo.csproj", "{8B6A78D0-0932-4404-9DCD-E3EF4EF76440}"
EndProject
Global
	GlobalSection(SolutionConfigurationPlatforms) = preSolution
		Debug|Any CPU = Debug|Any CPU
		Release|Any CPU = Release|Any CPU
	EndGlobalSection
	GlobalSection(ProjectConfigurationPlatforms) = postSolution
		{08F74AF7-6F9B-435C-97CA-AE6197F70969}.Debug|Any CPU.ActiveCfg = Debug|Any CPU
		{08F74AF7-6F9B-435C-97CA-AE6197F70969}.Debug|Any CPU.Build.0 = Debug|Any CPU
		{08F74AF7-6F9B-435C-97CA-AE6197F70969}.Release|Any CPU.ActiveCfg = Release|Any CPU
		{08F74AF7-6F9B-435C-97CA-AE6197F70969}.Release|Any CPU.Build.0 = Release|Any CPU
		{770C0BA2-1E59-4407-AD9B-48AB0B5AC1B1}.Debug|Any CPU.ActiveCfg = Debug|Any CPU
		{770C0BA2-1E59-4407-AD9B-48AB0B5AC1B1}.Debug|Any CPU.Build.0 = Debug|Any CPU
		{770C0BA2-1E59-4407-AD9B-48AB0B5AC1B1}.Release|Any CPU.ActiveCfg = Release|Any CPU
		{770C0BA2-1E59-4407-AD9B-48AB0B5AC1B1}.Release|Any CPU.Build.0 = Release|Any CPU
		{0D504F3E-E6A0-4452-BDB2-973013DAA203}.Debug|Any CPU.ActiveCfg = Debug|Any CPU
		{0D504F3E-E6A0-4452-BDB2-973013DAA203}.Debug|Any CPU.Build.0 = Debug|Any CPU
		{0D504F3E-E6A0-4452-BDB2-973013DAA203}.Release|Any CPU.ActiveCfg = Release|Any CPU
		{0D504F3E-E6A0-4452-BDB2-973013DAA203}.Release|Any CPU.Build.0 = Release|Any CPU
		{B1C6C747-27C2-4840-B121-C399D5F1B2DC}.Debug|Any CPU.ActiveCfg = Debug|Any CPU
		{B1C6C747-27C2-4840-B121-C399D5F1B2DC}.Debug|Any CPU.Build.0 = Debug|Any CPU
		{B1C6C747-27C2-4840-B121-C399D5F1B2DC}.Release|Any CPU.ActiveCfg = Release|Any CPU
		{B1C6C747-27C2-4840-B121-C399D5F1B2DC}.Release|Any CPU.Build.0 = Release|Any CPU
		{D10AF627-1EBE-4813-B7BA-9B535E63C42F}.Debug|Any CPU.ActiveCfg = Debug|Any CPU
		{D10AF627-1EBE-4813-B7BA-9B535E63C42F}.Debug|Any CPU.Build.0 = Debug|Any CPU
		{D10AF627-1EBE-4813-B7BA-9B535E63C42F}.Release|Any CPU.ActiveCfg = Release|Any CPU
		{D10AF627-1EBE-4813-B7BA-9B535E63C42F}.Release|Any CPU.Build.0 = Release|Any CPU
		{8B6A78D0-0932-4404-9DCD-E3EF4EF76440}.Debug|Any CPU.ActiveCfg = Debug|Any CPU
		{8B6A78D0-0932-4404-9DCD-E3EF4EF76440}.Debug|Any CPU.Build.0 = Debug|Any CPU
		{8B6A78D0-0932-4404-9DCD-E3EF4EF76440}.Release|Any CPU.ActiveCfg = Release|Any CPU
		{8B6A78D0-0932-4404-9DCD-E3EF4EF76440}.Release|Any CPU.Build.0 = Release|Any CPU
	EndGlobalSection
	GlobalSection(SolutionProperties) = preSolution
		HideSolutionNode = FALSE
	EndGlobalSection
	GlobalSection(ExtensibilityGlobals) = postSolution
		SolutionGuid = {CEE082B6-EC0B-48B4-98B0-594056F94F51}
	EndGlobalSection
EndGlobal
